
Microsoft Visual Studio Solution File, Format Version 12.00
# Visual Studio Version 17
VisualStudioVersion = 17.1.32414.318
MinimumVisualStudioVersion = 10.0.40219.1
Project("{9A19103F-16F7-4668-BE54-9A1E7A4F7556}") = "ChessClient", "ChessServer\ChessClient.csproj", "{B021F2DB-4CD7-48C5-924C-08725A703EBC}"
EndProject
Project("{9A19103F-16F7-4668-BE54-9A1E7A4F7556}") = "ChessServer", "ChessClient\ChessServer.csproj", "{78762DB5-25A1-46BA-BEF6-6A678E69F3C5}"
EndProject
Project("{9A19103F-16F7-4668-BE54-9A1E7A4F7556}") = "ChessClient2", "ChessClient2\ChessClient2.csproj", "{66BA1365-910C-4C02-A8D9-8EE8BB741DE4}"
EndProject
Global
	GlobalSection(SolutionConfigurationPlatforms) = preSolution
		Debug|Any CPU = Debug|Any CPU
		Release|Any CPU = Release|Any CPU
	EndGlobalSection
	GlobalSection(ProjectConfigurationPlatforms) = postSolution
		{B021F2DB-4CD7-48C5-924C-08725A703EBC}.Debug|Any CPU.ActiveCfg = Debug|Any CPU
		{B021F2DB-4CD7-48C5-924C-08725A703EBC}.Debug|Any CPU.Build.0 = Debug|Any CPU
		{B021F2DB-4CD7-48C5-924C-08725A703EBC}.Release|Any CPU.ActiveCfg = Release|Any CPU
		{B021F2DB-4CD7-48C5-924C-08725A703EBC}.Release|Any CPU.Build.0 = Release|Any CPU
		{78762DB5-25A1-46BA-BEF6-6A678E69F3C5}.Debug|Any CPU.ActiveCfg = Debug|Any CPU
		{78762DB5-25A1-46BA-BEF6-6A678E69F3C5}.Debug|Any CPU.Build.0 = Debug|Any CPU
		{78762DB5-25A1-46BA-BEF6-6A678E69F3C5}.Release|Any CPU.ActiveCfg = Release|Any CPU
		{78762DB5-25A1-46BA-BEF6-6A678E69F3C5}.Release|Any CPU.Build.0 = Release|Any CPU
		{66BA1365-910C-4C02-A8D9-8EE8BB741DE4}.Debug|Any CPU.ActiveCfg = Debug|Any CPU
		{66BA1365-910C-4C02-A8D9-8EE8BB741DE4}.Debug|Any CPU.Build.0 = Debug|Any CPU
		{66BA1365-910C-4C02-A8D9-8EE8BB741DE4}.Release|Any CPU.ActiveCfg = Release|Any CPU
		{66BA1365-910C-4C02-A8D9-8EE8BB741DE4}.Release|Any CPU.Build.0 = Release|Any CPU
	EndGlobalSection
	GlobalSection(SolutionProperties) = preSolution
		HideSolutionNode = FALSE
	EndGlobalSection
	GlobalSection(ExtensibilityGlobals) = postSolution
		SolutionGuid = {27198345-D5DE-4228-B14D-CA8FDF4120C1}
	EndGlobalSection
EndGlobal
